{
  "name": "jlinx-did",
  "version": "0.0.1",
  "lockfileVersion": 2,
  "requires": true,
  "packages": {
    "": {
      "name": "jlinx-did",
      "version": "0.0.1",
      "license": "MIT",
      "dependencies": {
        "@jlinc/jwt": "^1.0.3",
        "sodium": "^3.0.2",
        "urlsafe-base64": "^1.0.0"
      },
      "devDependencies": {}
    },
    "node_modules/@jlinc/jwt": {
      "version": "1.0.3",
      "resolved": "https://registry.npmjs.org/@jlinc/jwt/-/jwt-1.0.3.tgz",
      "integrity": "sha512-Q8a35v11Gfu7Gl9IWHVHtIpEZ5AzyKboqcnyUpKIncblQFnAQNOVukzE+nogFv7lzUeGmqPsg9K/PMZ3/CMm/w==",
      "dependencies": {
        "sodium": "^3.0.2",
        "urlsafe-base64": "^1.0.0"
      }
    },
    "node_modules/node-addon-api": {
      "version": "5.0.0",
      "resolved": "https://registry.npmjs.org/node-addon-api/-/node-addon-api-5.0.0.tgz",
      "integrity": "sha512-CvkDw2OEnme7ybCykJpVcKH+uAOLV2qLqiyla128dN9TkEWfrYmxG6C2boDe5KcNQqZF3orkqzGgOMvZ/JNekA=="
    },
    "node_modules/sodium": {
      "version": "3.0.2",
      "resolved": "https://registry.npmjs.org/sodium/-/sodium-3.0.2.tgz",
      "integrity": "sha512-IsTwTJeoNBU97km3XkrbCGC/n/9aUQejgD3QPr2YY2gtbSPru3TI6nhCqgoez9Mv88frF9oVZS/jrXFbd6WXyA==",
      "hasInstallScript": true,
      "dependencies": {
        "node-addon-api": "*"
      }
    },
    "node_modules/urlsafe-base64": {
      "version": "1.0.0",
      "resolved": "https://registry.npmjs.org/urlsafe-base64/-/urlsafe-base64-1.0.0.tgz",
      "integrity": "sha1-I/iQaabGL0bPOh07ABac77kL4MY="
    }
  },
  "dependencies": {
    "@jlinc/jwt": {
      "version": "1.0.3",
      "resolved": "https://registry.npmjs.org/@jlinc/jwt/-/jwt-1.0.3.tgz",
      "integrity": "sha512-Q8a35v11Gfu7Gl9IWHVHtIpEZ5AzyKboqcnyUpKIncblQFnAQNOVukzE+nogFv7lzUeGmqPsg9K/PMZ3/CMm/w==",
      "requires": {
        "sodium": "^3.0.2",
        "urlsafe-base64": "^1.0.0"
      }
    },
    "node-addon-api": {
      "version": "5.0.0",
      "resolved": "https://registry.npmjs.org/node-addon-api/-/node-addon-api-5.0.0.tgz",
      "integrity": "sha512-CvkDw2OEnme7ybCykJpVcKH+uAOLV2qLqiyla128dN9TkEWfrYmxG6C2boDe5KcNQqZF3orkqzGgOMvZ/JNekA=="
    },
    "sodium": {
      "version": "3.0.2",
      "resolved": "https://registry.npmjs.org/sodium/-/sodium-3.0.2.tgz",
      "integrity": "sha512-IsTwTJeoNBU97km3XkrbCGC/n/9aUQejgD3QPr2YY2gtbSPru3TI6nhCqgoez9Mv88frF9oVZS/jrXFbd6WXyA==",
      "requires": {
        "node-addon-api": "*"
      }
    },
    "urlsafe-base64": {
      "version": "1.0.0",
      "resolved": "https://registry.npmjs.org/urlsafe-base64/-/urlsafe-base64-1.0.0.tgz",
      "integrity": "sha1-I/iQaabGL0bPOh07ABac77kL4MY="
    }
  }
}
